<?xml version="1.0" encoding="utf-8"?>
<Project ToolsVersion="4.0" xmlns="http://schemas.microsoft.com/developer/msbuild/2003">
  <ItemGroup>
    <Filter Include="Source Files">
      <UniqueIdentifier>{4FC737F1-C7A5-4376-A066-2A32D752A2FF}</UniqueIdentifier>
      <Extensions>cpp;c;cc;cxx;def;odl;idl;hpj;bat;asm;asmx</Extensions>
    </Filter>
    <Filter Include="Header Files">
      <UniqueIdentifier>{93995380-89BD-4b04-88EB-625FBE52EBFB}</UniqueIdentifier>
      <Extensions>h;hh;hpp;hxx;hm;inl;inc;xsd</Extensions>
    </Filter>
    <Filter Include="Resource Files">
      <UniqueIdentifier>{67DA6AB6-F800-4c08-8B7A-83BB121AAD01}</UniqueIdentifier>
      <Extensions>rc;ico;cur;bmp;dlg;rc2;rct;bin;rgs;gif;jpg;jpeg;jpe;resx;tiff;tif;png;wav;mfcribbon-ms</Extensions>
    </Filter>
    <Filter Include="Header Files\Library">
      <UniqueIdentifier>{dd6de9e1-eedb-4fe9-8904-a41a94c7dccc}</UniqueIdentifier>
    </Filter>
    <Filter Include="Source Files\Library">
      <UniqueIdentifier>{ae6dd512-b350-4938-bf74-8ca1977d796d}</UniqueIdentifier>
    </Filter>
    <Filter Include="Header Files\Feature">
      <UniqueIdentifier>{e5cf9149-69e0-4ec9-90b3-3dfda6f83a1c}</UniqueIdentifier>
    </Filter>
    <Filter Include="Source Files\Feature">
      <UniqueIdentifier>{951945ce-9273-4bc3-b6d5-9cbbc79693fc}</UniqueIdentifier>
    </Filter>
    <Filter Include="Source Files\Image">
      <UniqueIdentifier>{b025b073-840d-4a14-a4c8-411251f65e7c}</UniqueIdentifier>
    </Filter>
    <Filter Include="Header Files\Image">
      <UniqueIdentifier>{8ba71659-d67b-41a0-9a27-3b589ddad788}</UniqueIdentifier>
    </Filter>
    <Filter Include="Header Files\ML">
      <UniqueIdentifier>{f72bdaa8-0b32-493b-ade0-9a85cdfcb01d}</UniqueIdentifier>
    </Filter>
  </ItemGroup>
  <ItemGroup>
    <Text Include="ReadMe.txt" />
  </ItemGroup>
  <ItemGroup>
    <ClInclude Include="stdafx.h">
      <Filter>Header Files</Filter>
    </ClInclude>
    <ClInclude Include="targetver.h">
      <Filter>Header Files</Filter>
    </ClInclude>
    <ClInclude Include="general.h">
      <Filter>Header Files</Filter>
    </ClInclude>
    <ClInclude Include="Library.h">
      <Filter>Header Files\Library</Filter>
    </ClInclude>
    <ClInclude Include="HOG.h">
      <Filter>Header Files\Feature</Filter>
    </ClInclude>
    <ClInclude Include="Hough.h">
      <Filter>Header Files\Library</Filter>
    </ClInclude>
    <ClInclude Include="Bitmap.h">
      <Filter>Header Files\Image</Filter>
    </ClInclude>
    <ClInclude Include="draw.h">
      <Filter>Header Files\Image</Filter>
    </ClInclude>
    <ClInclude Include="Image.h">
      <Filter>Header Files\Image</Filter>
    </ClInclude>
    <ClInclude Include="Point.h">
      <Filter>Header Files\Image</Filter>
    </ClInclude>
    <ClInclude Include="Rect.h">
      <Filter>Header Files\Image</Filter>
    </ClInclude>
    <ClInclude Include="KMean.h">
      <Filter>Header Files\ML</Filter>
    </ClInclude>
  </ItemGroup>
  <ItemGroup>
    <ClCompile Include="stdafx.cpp">
      <Filter>Source Files</Filter>
    </ClCompile>
    <ClCompile Include="SolarPanelInspection.cpp">
      <Filter>Source Files</Filter>
    </ClCompile>
    <ClCompile Include="general.cpp">
      <Filter>Source Files</Filter>
    </ClCompile>
    <ClCompile Include="Library.cpp">
      <Filter>Source Files\Library</Filter>
    </ClCompile>
    <ClCompile Include="HOG.cpp">
      <Filter>Source Files\Feature</Filter>
    </ClCompile>
    <ClCompile Include="Hough.cpp">
      <Filter>Source Files\Library</Filter>
    </ClCompile>
    <ClCompile Include="draw.cpp">
      <Filter>Source Files\Image</Filter>
    </ClCompile>
    <ClCompile Include="Rect.cpp">
      <Filter>Source Files\Image</Filter>
    </ClCompile>
    <ClCompile Include="Point.cpp">
      <Filter>Source Files\Image</Filter>
    </ClCompile>
    <ClCompile Include="Bitmap.cpp">
      <Filter>Source Files\Image</Filter>
    </ClCompile>
    <ClCompile Include="Image.cpp">
      <Filter>Source Files\Image</Filter>
    </ClCompile>
  </ItemGroup>
</Project>